
Microsoft Visual Studio Solution File, Format Version 12.00
# Visual Studio Version 16
VisualStudioVersion = 16.0.29926.136
MinimumVisualStudioVersion = 10.0.40219.1
Project("{FAE04EC0-301F-11D3-BF4B-00C04F79EFBC}") = "proje-2", "proje-2\proje-2.csproj", "{860FF8F8-F629-46B8-848E-84CB166C4634}"
EndProject
Global
	GlobalSection(SolutionConfigurationPlatforms) = preSolution
		Debug|Any CPU = Debug|Any CPU
		Release|Any CPU = Release|Any CPU
	EndGlobalSection
	GlobalSection(ProjectConfigurationPlatforms) = postSolution
		{860FF8F8-F629-46B8-848E-84CB166C4634}.Debug|Any CPU.ActiveCfg = Debug|Any CPU
		{860FF8F8-F629-46B8-848E-84CB166C4634}.Debug|Any CPU.Build.0 = Debug|Any CPU
		{860FF8F8-F629-46B8-848E-84CB166C4634}.Release|Any CPU.ActiveCfg = Release|Any CPU
		{860FF8F8-F629-46B8-848E-84CB166C4634}.Release|Any CPU.Build.0 = Release|Any CPU
	EndGlobalSection
	GlobalSection(SolutionProperties) = preSolution
		HideSolutionNode = FALSE
	EndGlobalSection
	GlobalSection(ExtensibilityGlobals) = postSolution
		SolutionGuid = {84852C25-A0D8-46FF-8C8A-BCD815FB4DF7}
	EndGlobalSection
EndGlobal
